# This file is generated by running "yarn install" inside your project.
# Manual changes might be lost - proceed with caution!

__metadata:
  version: 6

"@edunad/lua-wiki-generator@link:D:/lua-wiki-generator/.bin::locator=ias_wiki%40workspace%3A.":
  version: 0.0.0-use.local
  resolution: "@edunad/lua-wiki-generator@link:/D:/lua-wiki-generator/.bin::locator=ias_wiki%40workspace%3A."
  languageName: node
  linkType: soft

"ias_wiki@workspace:.":
  version: 0.0.0-use.local
  resolution: "ias_wiki@workspace:."
  dependencies:
    "@edunad/lua-wiki-generator": "link:D:/lua-wiki-generator/.bin"
  languageName: unknown
  linkType: soft
